<?xml version="1.0" encoding="utf-8"?>
<Project ToolsVersion="4.0" xmlns="http://schemas.microsoft.com/developer/msbuild/2003">
  <ItemGroup>
    <Filter Include="Window">
      <UniqueIdentifier>{122be58e-3225-45a9-bfc1-698ceb19eaa9}</UniqueIdentifier>
    </Filter>
    <Filter Include="Window\Resource">
      <UniqueIdentifier>{8a7d9c72-4402-4157-8009-62ba6bce9301}</UniqueIdentifier>
    </Filter>
    <Filter Include="Window\Header">
      <UniqueIdentifier>{336170f6-c997-4588-9224-5954e784ac6a}</UniqueIdentifier>
    </Filter>
    <Filter Include="Engine">
      <UniqueIdentifier>{b9c0d5b2-a404-46eb-a634-8f0e8b45a0a4}</UniqueIdentifier>
    </Filter>
    <Filter Include="Engine\High Level Interface">
      <UniqueIdentifier>{ab892052-f44e-4777-ba07-01d85d373a6e}</UniqueIdentifier>
    </Filter>
    <Filter Include="Engine\Common">
      <UniqueIdentifier>{028b7549-5e2d-40e1-8874-6831a62075f5}</UniqueIdentifier>
    </Filter>
    <Filter Include="Engine\Input">
      <UniqueIdentifier>{3ddd89af-b71c-4d46-b885-25d48ff393aa}</UniqueIdentifier>
    </Filter>
    <Filter Include="Engine\Scene">
      <UniqueIdentifier>{7887212c-2821-4c8c-a333-26c90ae530df}</UniqueIdentifier>
    </Filter>
    <Filter Include="Engine\Entity">
      <UniqueIdentifier>{e3e205dc-972d-4900-a5e7-ff1443844c94}</UniqueIdentifier>
    </Filter>
    <Filter Include="Engine\Layer">
      <UniqueIdentifier>{94c49251-3dae-43bd-916d-67898f002e59}</UniqueIdentifier>
    </Filter>
    <Filter Include="Engine\GameObject">
      <UniqueIdentifier>{2c91ccc9-c153-4efb-9362-1c8e52b647df}</UniqueIdentifier>
    </Filter>
    <Filter Include="Engine\Component">
      <UniqueIdentifier>{78b2fb12-53b9-4a3f-8117-a2e4316d3b6f}</UniqueIdentifier>
    </Filter>
    <Filter Include="Engine\Component\Transform">
      <UniqueIdentifier>{6cce7b6b-ee36-40c7-ab6f-750dbfe1b6c5}</UniqueIdentifier>
    </Filter>
    <Filter Include="Engine\Component\SpriteRenderer">
      <UniqueIdentifier>{b710e31a-05aa-4c9b-9b6c-009de3ea82c9}</UniqueIdentifier>
    </Filter>
    <Filter Include="Engine\Common\Time">
      <UniqueIdentifier>{3cbb731d-63ab-43bf-9482-eb84d8b1d8f8}</UniqueIdentifier>
    </Filter>
    <Filter Include="Contents">
      <UniqueIdentifier>{d7201d6c-b5d7-4750-8ce8-81e0858cb447}</UniqueIdentifier>
    </Filter>
    <Filter Include="Contents\GameObject">
      <UniqueIdentifier>{f9424cfe-5c0f-411a-85f0-da2f48f4809e}</UniqueIdentifier>
    </Filter>
    <Filter Include="Contents\GameObject\Player">
      <UniqueIdentifier>{266bbf13-3a53-4a03-9142-cb15fa27ec77}</UniqueIdentifier>
    </Filter>
    <Filter Include="Contents\Scene">
      <UniqueIdentifier>{a8d45878-1c51-4c33-ba5b-c3d4e15cc919}</UniqueIdentifier>
    </Filter>
    <Filter Include="Engine\SceneMgr">
      <UniqueIdentifier>{32769ed7-fe51-44fb-b03a-a00d0e21bc3c}</UniqueIdentifier>
    </Filter>
  </ItemGroup>
  <ItemGroup>
    <ClInclude Include="Client.h">
      <Filter>Window\Header</Filter>
    </ClInclude>
    <ClInclude Include="framework.h">
      <Filter>Window\Header</Filter>
    </ClInclude>
    <ClInclude Include="Resource.h">
      <Filter>Window\Header</Filter>
    </ClInclude>
    <ClInclude Include="targetver.h">
      <Filter>Window\Header</Filter>
    </ClInclude>
    <ClInclude Include="yaApplication.h">
      <Filter>Engine\High Level Interface</Filter>
    </ClInclude>
    <ClInclude Include="Commoninclude.h">
      <Filter>Engine\Common</Filter>
    </ClInclude>
    <ClInclude Include="yaMath.h">
      <Filter>Engine\Common</Filter>
    </ClInclude>
    <ClInclude Include="yaInput.h">
      <Filter>Engine\Input</Filter>
    </ClInclude>
    <ClInclude Include="yaTime.h">
      <Filter>Engine\Common\Time</Filter>
    </ClInclude>
    <ClInclude Include="yaScene.h">
      <Filter>Engine\Scene</Filter>
    </ClInclude>
    <ClInclude Include="yaEntity.h">
      <Filter>Engine\Entity</Filter>
    </ClInclude>
    <ClInclude Include="yaLayer.h">
      <Filter>Engine\Layer</Filter>
    </ClInclude>
    <ClInclude Include="yaGameObject.h">
      <Filter>Engine\GameObject</Filter>
    </ClInclude>
    <ClInclude Include="yaComponent.h">
      <Filter>Engine\Component</Filter>
    </ClInclude>
    <ClInclude Include="yaTransform.h">
      <Filter>Engine\Component\Transform</Filter>
    </ClInclude>
    <ClInclude Include="yaSpriteRenderer.h">
      <Filter>Engine\Component\SpriteRenderer</Filter>
    </ClInclude>
    <ClInclude Include="yaSceneMgr.h">
      <Filter>Engine\SceneMgr</Filter>
    </ClInclude>
    <ClInclude Include="EHObject.h">
      <Filter>Engine\GameObject</Filter>
    </ClInclude>
    <ClInclude Include="yaPlayer.h">
      <Filter>Contents\GameObject\Player</Filter>
    </ClInclude>
    <ClInclude Include="yaTitleScene.h">
      <Filter>Contents\Scene</Filter>
    </ClInclude>
  </ItemGroup>
  <ItemGroup>
    <Image Include="Client.ico">
      <Filter>Window\Resource</Filter>
    </Image>
    <Image Include="small.ico">
      <Filter>Window\Resource</Filter>
    </Image>
  </ItemGroup>
  <ItemGroup>
    <ResourceCompile Include="Client.rc">
      <Filter>Window\Resource</Filter>
    </ResourceCompile>
  </ItemGroup>
  <ItemGroup>
    <ClCompile Include="main.cpp" />
    <ClCompile Include="yaApplication.cpp">
      <Filter>Engine\High Level Interface</Filter>
    </ClCompile>
    <ClCompile Include="yaInput.cpp">
      <Filter>Engine\Input</Filter>
    </ClCompile>
    <ClCompile Include="yaTime.cpp">
      <Filter>Engine\Common\Time</Filter>
    </ClCompile>
    <ClCompile Include="yaScene.cpp">
      <Filter>Engine\Scene</Filter>
    </ClCompile>
    <ClCompile Include="yaEntity.cpp">
      <Filter>Engine\Entity</Filter>
    </ClCompile>
    <ClCompile Include="yaLayer.cpp">
      <Filter>Engine\Layer</Filter>
    </ClCompile>
    <ClCompile Include="yaGameObject.cpp">
      <Filter>Engine\GameObject</Filter>
    </ClCompile>
    <ClCompile Include="yaComponent.cpp">
      <Filter>Engine\Component</Filter>
    </ClCompile>
    <ClCompile Include="yaTransform.cpp">
      <Filter>Engine\Component\Transform</Filter>
    </ClCompile>
    <ClCompile Include="yaSpriteRenderer.cpp">
      <Filter>Engine\Component\SpriteRenderer</Filter>
    </ClCompile>
    <ClCompile Include="yaSceneMgr.cpp">
      <Filter>Engine\SceneMgr</Filter>
    </ClCompile>
    <ClCompile Include="yaPlayer.cpp">
      <Filter>Contents\GameObject\Player</Filter>
    </ClCompile>
    <ClCompile Include="yaTitleScene.cpp">
      <Filter>Contents\Scene</Filter>
    </ClCompile>
  </ItemGroup>
</Project>